# This file is autogenerated, do not edit; changes may be undone by the next 'dep ensure'.


[[projects]]
  branch = "v25"
  name = "gopkg.in/libgit2/git2go.v25"
  packages = ["."]
  revision = "334260d743d713a55ff3c097ec6707f2bb39e9d5"

[solve-meta]
  analyzer-name = "dep"
  analyzer-version = 1
  inputs-digest = "4952009001086df3d99b1f6e251db6bad5e120f1a1a477205e9a7f5c46d09560"
  solver-name = "gps-cdcl"
  solver-version = 1
