# This file is autogenerated, do not edit; changes may be undone by the next 'dep ensure'.


[[projects]]
  branch = "v25"
  name = "github.com/libgit2/git2go"
  packages = ["."]
  revision = "334260d743d713a55ff3c097ec6707f2bb39e9d5"

[solve-meta]
  analyzer-name = "dep"
  analyzer-version = 1
  inputs-digest = "fbefc155c07ad3e55ce1df31d91466b5b155e38aa5abf33068656424b06acf4e"
  solver-name = "gps-cdcl"
  solver-version = 1
